
Microsoft Visual Studio Solution File, Format Version 12.00
# Visual Studio 15
VisualStudioVersion = 15.0.27004.2005
MinimumVisualStudioVersion = 10.0.40219.1
Project("{8BC9CEB8-8B4A-11D0-8D11-00A0C91BC942}") = "SimpleSoccerGame", "SimpleSoccerGame.vcxproj", "{4C5CF73E-2113-4AE2-A39D-9EA67ED8730A}"
EndProject
Global
	GlobalSection(SolutionConfigurationPlatforms) = preSolution
		Debug|x64 = Debug|x64
		Debug|x86 = Debug|x86
		Release|x64 = Release|x64
		Release|x86 = Release|x86
	EndGlobalSection
	GlobalSection(ProjectConfigurationPlatforms) = postSolution
		{4C5CF73E-2113-4AE2-A39D-9EA67ED8730A}.Debug|x64.ActiveCfg = Debug|x64
		{4C5CF73E-2113-4AE2-A39D-9EA67ED8730A}.Debug|x64.Build.0 = Debug|x64
		{4C5CF73E-2113-4AE2-A39D-9EA67ED8730A}.Debug|x86.ActiveCfg = Debug|Win32
		{4C5CF73E-2113-4AE2-A39D-9EA67ED8730A}.Debug|x86.Build.0 = Debug|Win32
		{4C5CF73E-2113-4AE2-A39D-9EA67ED8730A}.Release|x64.ActiveCfg = Release|x64
		{4C5CF73E-2113-4AE2-A39D-9EA67ED8730A}.Release|x64.Build.0 = Release|x64
		{4C5CF73E-2113-4AE2-A39D-9EA67ED8730A}.Release|x86.ActiveCfg = Release|Win32
		{4C5CF73E-2113-4AE2-A39D-9EA67ED8730A}.Release|x86.Build.0 = Release|Win32
	EndGlobalSection
	GlobalSection(SolutionProperties) = preSolution
		HideSolutionNode = FALSE
	EndGlobalSection
	GlobalSection(ExtensibilityGlobals) = postSolution
		SolutionGuid = {9DC51DD8-74B6-4D28-86B3-9114B99DEB7D}
	EndGlobalSection
EndGlobal
